<?xml version="1.0" encoding="utf-8"?>
<Project ToolsVersion="4.0" xmlns="http://schemas.microsoft.com/developer/msbuild/2003">
  <ItemGroup>
    <Filter Include="Fuji">
      <UniqueIdentifier>{D371857C-BFA8-860D-6895-6C1054AB020F}</UniqueIdentifier>
    </Filter>
    <Filter Include="Fuji\Events">
      <UniqueIdentifier>{57729429-C327-0D1F-4C1C-07F6B8D00323}</UniqueIdentifier>
    </Filter>
  </ItemGroup>
  <ItemGroup>
    <ClInclude Include="src\Fuji.h" />
    <ClInclude Include="src\Fuji\Application.h">
      <Filter>Fuji</Filter>
    </ClInclude>
    <ClInclude Include="src\Fuji\Core.h">
      <Filter>Fuji</Filter>
    </ClInclude>
    <ClInclude Include="src\Fuji\Entrypoint.h">
      <Filter>Fuji</Filter>
    </ClInclude>
    <ClInclude Include="src\Fuji\Events\ApplicationEvent.h">
      <Filter>Fuji\Events</Filter>
    </ClInclude>
    <ClInclude Include="src\Fuji\Events\Event.h">
      <Filter>Fuji\Events</Filter>
    </ClInclude>
    <ClInclude Include="src\Fuji\Events\KeyEvent.h">
      <Filter>Fuji\Events</Filter>
    </ClInclude>
    <ClInclude Include="src\Fuji\Events\MouseEvent.h">
      <Filter>Fuji\Events</Filter>
    </ClInclude>
    <ClInclude Include="src\Fuji\Log.h">
      <Filter>Fuji</Filter>
    </ClInclude>
    <ClInclude Include="src\Fuji\types.h">
      <Filter>Fuji</Filter>
    </ClInclude>
    <ClInclude Include="src\fupch.h" />
  </ItemGroup>
  <ItemGroup>
    <ClCompile Include="src\Fuji\Application.cpp">
      <Filter>Fuji</Filter>
    </ClCompile>
    <ClCompile Include="src\Fuji\Log.cpp">
      <Filter>Fuji</Filter>
    </ClCompile>
    <ClCompile Include="src\fupch.cpp" />
  </ItemGroup>
</Project>